// !$*UTF8*$!
{
	archiveVersion = 1;
	classes = {
	};
	objectVersion = 46;
	objects = {

/* Begin PBXBuildFile section */
		3C6CC32F1F67A578007A508D /* AppDelegate.swift in Sources */ = {isa = PBXBuildFile; fileRef = 3C6CC32E1F67A578007A508D /* AppDelegate.swift */; };
		3C6CC3311F67A578007A508D /* ViewController.swift in Sources */ = {isa = PBXBuildFile; fileRef = 3C6CC3301F67A578007A508D /* ViewController.swift */; };
		3C6CC3341F67A578007A508D /* Main.storyboard in Resources */ = {isa = PBXBuildFile; fileRef = 3C6CC3321F67A578007A508D /* Main.storyboard */; };
		3C6CC3361F67A578007A508D /* Assets.xcassets in Resources */ = {isa = PBXBuildFile; fileRef = 3C6CC3351F67A578007A508D /* Assets.xcassets */; };
		3C6CC3391F67A578007A508D /* LaunchScreen.storyboard in Resources */ = {isa = PBXBuildFile; fileRef = 3C6CC3371F67A578007A508D /* LaunchScreen.storyboard */; };
/* End PBXBuildFile section */

/* Begin PBXFileReference section */
		3C6CC32B1F67A578007A508D /* 03_Git_Branch_Test.app */ = {isa = PBXFileReference; explicitFileType = wrapper.application; includeInIndex = 0; path = 03_Git_Branch_Test.app; sourceTree = BUILT_PRODUCTS_DIR; };
		3C6CC32E1F67A578007A508D /* AppDelegate.swift */ = {isa = PBXFileReference; lastKnownFileType = sourcecode.swift; path = AppDelegate.swift; sourceTree = "<group>"; };
		3C6CC3301F67A578007A508D /* ViewController.swift */ = {isa = PBXFileReference; lastKnownFileType = sourcecode.swift; path = ViewController.swift; sourceTree = "<group>"; };
		3C6CC3331F67A578007A508D /* Base */ = {isa = PBXFileReference; lastKnownFileType = file.storyboard; name = Base; path = Base.lproj/Main.storyboard; sourceTree = "<group>"; };
		3C6CC3351F67A578007A508D /* Assets.xcassets */ = {isa = PBXFileReference; lastKnownFileType = folder.assetcatalog; path = Assets.xcassets; sourceTree = "<group>"; };
		3C6CC3381F67A578007A508D /* Base */ = {isa = PBXFileReference; lastKnownFileType = file.storyboard; name = Base; path = Base.lproj/LaunchScreen.storyboard; sourceTree = "<group>"; };
		3C6CC33A1F67A578007A508D /* Info.plist */ = {isa = PBXFileReference; lastKnownFileType = text.plist.xml; path = Info.plist; sourceTree = "<group>"; };
/* End PBXFileReference section */

/* Begin PBXFrameworksBuildPhase section */
		3C6CC3281F67A578007A508D /* Frameworks */ = {
			isa = PBXFrameworksBuildPhase;
			buildActionMask = 2147483647;
			files = (
			);
			runOnlyForDeploymentPostprocessing = 0;
		};
/* End PBXFrameworksBuildPhase section */

/* Begin PBXGroup section */
		3C6CC3221F67A578007A508D = {
			isa = PBXGroup;
			children = (
				3C6CC32D1F67A578007A508D /* 03_Git_Branch_Test */,
				3C6CC32C1F67A578007A508D /* Products */,
			);
			sourceTree = "<group>";
		};
		3C6CC32C1F67A578007A508D /* Products */ = {
			isa = PBXGroup;
			children = (
				3C6CC32B1F67A578007A508D /* 03_Git_Branch_Test.app */,
			);
			name = Products;
			sourceTree = "<group>";
		};
		3C6CC32D1F67A578007A508D /* 03_Git_Branch_Test */ = {
			isa = PBXGroup;
			children = (
				3C6CC32E1F67A578007A508D /* AppDelegate.swift */,
				3C6CC3301F67A578007A508D /* ViewController.swift */,
				3C6CC3321F67A578007A508D /* Main.storyboard */,
				3C6CC3351F67A578007A508D /* Assets.xcassets */,
				3C6CC3371F67A578007A508D /* LaunchScreen.storyboard */,
				3C6CC33A1F67A578007A508D /* Info.plist */,
			);
			path = 03_Git_Branch_Test;
			sourceTree = "<group>";
		};
/* End PBXGroup section */

/* Begin PBXNativeTarget section */
		3C6CC32A1F67A578007A508D /* 03_Git_Branch_Test */ = {
			isa = PBXNativeTarget;
			buildConfigurationList = 3C6CC33D1F67A578007A508D /* Build configuration list for PBXNativeTarget "03_Git_Branch_Test" */;
			buildPhases = (
				3C6CC3271F67A578007A508D /* Sources */,
				3C6CC3281F67A578007A508D /* Frameworks */,
				3C6CC3291F67A578007A508D /* Resources */,
			);
			buildRules = (
			);
			dependencies = (
			);
			name = 03_Git_Branch_Test;
			productName = 03_Git_Branch_Test;
			productReference = 3C6CC32B1F67A578007A508D /* 03_Git_Branch_Test.app */;
			productType = "com.apple.product-type.application";
		};
/* End PBXNativeTarget section */

/* Begin PBXProject section */
		3C6CC3231F67A578007A508D /* Project object */ = {
			isa = PBXProject;
			attributes = {
				LastSwiftUpdateCheck = 0830;
				LastUpgradeCheck = 0830;
				ORGANIZATIONNAME = D7703_13;
				TargetAttributes = {
					3C6CC32A1F67A578007A508D = {
						CreatedOnToolsVersion = 8.3.3;
						ProvisioningStyle = Automatic;
					};
				};
			};
			buildConfigurationList = 3C6CC3261F67A578007A508D /* Build configuration list for PBXProject "03_Git_Branch_Test" */;
			compatibilityVersion = "Xcode 3.2";
			developmentRegion = English;
			hasScannedForEncodings = 0;
			knownRegions = (
				en,
				Base,
			);
			mainGroup = 3C6CC3221F67A578007A508D;
			productRefGroup = 3C6CC32C1F67A578007A508D /* Products */;
			projectDirPath = "";
			projectRoot = "";
			targets = (
				3C6CC32A1F67A578007A508D /* 03_Git_Branch_Test */,
			);
		};
/* End PBXProject section */

/* Begin PBXResourcesBuildPhase section */
		3C6CC3291F67A578007A508D /* Resources */ = {
			isa = PBXResourcesBuildPhase;
			buildActionMask = 2147483647;
			files = (
				3C6CC3391F67A578007A508D /* LaunchScreen.storyboard in Resources */,
				3C6CC3361F67A578007A508D /* Assets.xcassets in Resources */,
				3C6CC3341F67A578007A508D /* Main.storyboard in Resources */,
			);
			runOnlyForDeploymentPostprocessing = 0;
		};
/* End PBXResourcesBuildPhase section */

/* Begin PBXSourcesBuildPhase section */
		3C6CC3271F67A578007A508D /* Sources */ = {
			isa = PBXSourcesBuildPhase;
			buildActionMask = 2147483647;
			files = (
				3C6CC3311F67A578007A508D /* ViewController.swift in Sources */,
				3C6CC32F1F67A578007A508D /* AppDelegate.swift in Sources */,
			);
			runOnlyForDeploymentPostprocessing = 0;
		};
/* End PBXSourcesBuildPhase section */

/* Begin PBXVariantGroup section */
		3C6CC3321F67A578007A508D /* Main.storyboard */ = {
			isa = PBXVariantGroup;
			children = (
				3C6CC3331F67A578007A508D /* Base */,
			);
			name = Main.storyboard;
			sourceTree = "<group>";
		};
		3C6CC3371F67A578007A508D /* LaunchScreen.storyboard */ = {
			isa = PBXVariantGroup;
			children = (
				3C6CC3381F67A578007A508D /* Base */,
			);
			name = LaunchScreen.storyboard;
			sourceTree = "<group>";
		};
/* End PBXVariantGroup section */

/* Begin XCBuildConfiguration section */
		3C6CC33B1F67A578007A508D /* Debug */ = {
			isa = XCBuildConfiguration;
			buildSettings = {
				ALWAYS_SEARCH_USER_PATHS = NO;
				CLANG_ANALYZER_NONNULL = YES;
				CLANG_ANALYZER_NUMBER_OBJECT_CONVERSION = YES_AGGRESSIVE;
				CLANG_CXX_LANGUAGE_STANDARD = "gnu++0x";
				CLANG_CXX_LIBRARY = "libc++";
				CLANG_ENABLE_MODULES = YES;
				CLANG_ENABLE_OBJC_ARC = YES;
				CLANG_WARN_BOOL_CONVERSION = YES;
				CLANG_WARN_CONSTANT_CONVERSION = YES;
				CLANG_WARN_DIRECT_OBJC_ISA_USAGE = YES_ERROR;
				CLANG_WARN_DOCUMENTATION_COMMENTS = YES;
				CLANG_WARN_EMPTY_BODY = YES;
				CLANG_WARN_ENUM_CONVERSION = YES;
				CLANG_WARN_INFINITE_RECURSION = YES;
				CLANG_WARN_INT_CONVERSION = YES;
				CLANG_WARN_OBJC_ROOT_CLASS = YES_ERROR;
				CLANG_WARN_SUSPICIOUS_MOVE = YES;
				CLANG_WARN_UNREACHABLE_CODE = YES;
				CLANG_WARN__DUPLICATE_METHOD_MATCH = YES;
				"CODE_SIGN_IDENTITY[sdk=iphoneos*]" = "iPhone Developer";
				COPY_PHASE_STRIP = NO;
				DEBUG_INFORMATION_FORMAT = dwarf;
				ENABLE_STRICT_OBJC_MSGSEND = YES;
				ENABLE_TESTABILITY = YES;
				GCC_C_LANGUAGE_STANDARD = gnu99;
				GCC_DYNAMIC_NO_PIC = NO;
				GCC_NO_COMMON_BLOCKS = YES;
				GCC_OPTIMIZATION_LEVEL = 0;
				GCC_PREPROCESSOR_DEFINITIONS = (
					"DEBUG=1",
					"$(inherited)",
				);
				GCC_WARN_64_TO_32_BIT_CONVERSION = YES;
				GCC_WARN_ABOUT_RETURN_TYPE = YES_ERROR;
				GCC_WARN_UNDECLARED_SELECTOR = YES;
				GCC_WARN_UNINITIALIZED_AUTOS = YES_AGGRESSIVE;
				GCC_WARN_UNUSED_FUNCTION = YES;
				GCC_WARN_UNUSED_VARIABLE = YES;
				IPHONEOS_DEPLOYMENT_TARGET = 10.3;
				MTL_ENABLE_DEBUG_INFO = YES;
				ONLY_ACTIVE_ARCH = YES;
				SDKROOT = iphoneos;
				SWIFT_ACTIVE_COMPILATION_CONDITIONS = DEBUG;
				SWIFT_OPTIMIZATION_LEVEL = "-Onone";
			};
			name = Debug;
		};
		3C6CC33C1F67A578007A508D /* Release */ = {
			isa = XCBuildConfiguration;
			buildSettings = {
				ALWAYS_SEARCH_USER_PATHS = NO;
				CLANG_ANALYZER_NONNULL = YES;
				CLANG_ANALYZER_NUMBER_OBJECT_CONVERSION = YES_AGGRESSIVE;
				CLANG_CXX_LANGUAGE_STANDARD = "gnu++0x";
				CLANG_CXX_LIBRARY = "libc++";
				CLANG_ENABLE_MODULES = YES;
				CLANG_ENABLE_OBJC_ARC = YES;
				CLANG_WARN_BOOL_CONVERSION = YES;
				CLANG_WARN_CONSTANT_CONVERSION = YES;
				CLANG_WARN_DIRECT_OBJC_ISA_USAGE = YES_ERROR;
				CLANG_WARN_DOCUMENTATION_COMMENTS = YES;
				CLANG_WARN_EMPTY_BODY = YES;
				CLANG_WARN_ENUM_CONVERSION = YES;
				CLANG_WARN_INFINITE_RECURSION = YES;
				CLANG_WARN_INT_CONVERSION = YES;
				CLANG_WARN_OBJC_ROOT_CLASS = YES_ERROR;
				CLANG_WARN_SUSPICIOUS_MOVE = YES;
				CLANG_WARN_UNREACHABLE_CODE = YES;
				CLANG_WARN__DUPLICATE_METHOD_MATCH = YES;
				"CODE_SIGN_IDENTITY[sdk=iphoneos*]" = "iPhone Developer";
				COPY_PHASE_STRIP = NO;
				DEBUG_INFORMATION_FORMAT = "dwarf-with-dsym";
				ENABLE_NS_ASSERTIONS = NO;
				ENABLE_STRICT_OBJC_MSGSEND = YES;
				GCC_C_LANGUAGE_STANDARD = gnu99;
				GCC_NO_COMMON_BLOCKS = YES;
				GCC_WARN_64_TO_32_BIT_CONVERSION = YES;
				GCC_WARN_ABOUT_RETURN_TYPE = YES_ERROR;
				GCC_WARN_UNDECLARED_SELECTOR = YES;
				GCC_WARN_UNINITIALIZED_AUTOS = YES_AGGRESSIVE;
				GCC_WARN_UNUSED_FUNCTION = YES;
				GCC_WARN_UNUSED_VARIABLE = YES;
				IPHONEOS_DEPLOYMENT_TARGET = 10.3;
				MTL_ENABLE_DEBUG_INFO = NO;
				SDKROOT = iphoneos;
				SWIFT_OPTIMIZATION_LEVEL = "-Owholemodule";
				VALIDATE_PRODUCT = YES;
			};
			name = Release;
		};
		3C6CC33E1F67A578007A508D /* Debug */ = {
			isa = XCBuildConfiguration;
			buildSettings = {
				ASSETCATALOG_COMPILER_APPICON_NAME = AppIcon;
				INFOPLIST_FILE = 03_Git_Branch_Test/Info.plist;
				LD_RUNPATH_SEARCH_PATHS = "$(inherited) @executable_path/Frameworks";
				PRODUCT_BUNDLE_IDENTIFIER = "pgh.-3-Git-Branch-Test";
				PRODUCT_NAME = "$(TARGET_NAME)";
				SWIFT_VERSION = 3.0;
			};
			name = Debug;
		};
		3C6CC33F1F67A578007A508D /* Release */ = {
			isa = XCBuildConfiguration;
			buildSettings = {
				ASSETCATALOG_COMPILER_APPICON_NAME = AppIcon;
				INFOPLIST_FILE = 03_Git_Branch_Test/Info.plist;
				LD_RUNPATH_SEARCH_PATHS = "$(inherited) @executable_path/Frameworks";
				PRODUCT_BUNDLE_IDENTIFIER = "pgh.-3-Git-Branch-Test";
				PRODUCT_NAME = "$(TARGET_NAME)";
				SWIFT_VERSION = 3.0;
			};
			name = Release;
		};
/* End XCBuildConfiguration section */

/* Begin XCConfigurationList section */
		3C6CC3261F67A578007A508D /* Build configuration list for PBXProject "03_Git_Branch_Test" */ = {
			isa = XCConfigurationList;
			buildConfigurations = (
				3C6CC33B1F67A578007A508D /* Debug */,
				3C6CC33C1F67A578007A508D /* Release */,
			);
			defaultConfigurationIsVisible = 0;
			defaultConfigurationName = Release;
		};
		3C6CC33D1F67A578007A508D /* Build configuration list for PBXNativeTarget "03_Git_Branch_Test" */ = {
			isa = XCConfigurationList;
			buildConfigurations = (
				3C6CC33E1F67A578007A508D /* Debug */,
				3C6CC33F1F67A578007A508D /* Release */,
			);
			defaultConfigurationIsVisible = 0;
		};
/* End XCConfigurationList section */
	};
	rootObject = 3C6CC3231F67A578007A508D /* Project object */;
}
